
Microsoft Visual Studio Solution File, Format Version 12.00
# Visual Studio Version 16
VisualStudioVersion = 16.0.29613.14
MinimumVisualStudioVersion = 10.0.40219.1
Project("{FAE04EC0-301F-11D3-BF4B-00C04F79EFBC}") = "karacsonyCLI", "karacsonyCLI\karacsonyCLI.csproj", "{C2B7AEC9-1F04-4127-8792-91FEF247D28D}"
EndProject
Global
	GlobalSection(SolutionConfigurationPlatforms) = preSolution
		Debug|Any CPU = Debug|Any CPU
		Release|Any CPU = Release|Any CPU
	EndGlobalSection
	GlobalSection(ProjectConfigurationPlatforms) = postSolution
		{C2B7AEC9-1F04-4127-8792-91FEF247D28D}.Debug|Any CPU.ActiveCfg = Debug|Any CPU
		{C2B7AEC9-1F04-4127-8792-91FEF247D28D}.Debug|Any CPU.Build.0 = Debug|Any CPU
		{C2B7AEC9-1F04-4127-8792-91FEF247D28D}.Release|Any CPU.ActiveCfg = Release|Any CPU
		{C2B7AEC9-1F04-4127-8792-91FEF247D28D}.Release|Any CPU.Build.0 = Release|Any CPU
	EndGlobalSection
	GlobalSection(SolutionProperties) = preSolution
		HideSolutionNode = FALSE
	EndGlobalSection
	GlobalSection(ExtensibilityGlobals) = postSolution
		SolutionGuid = {8C2FAB2A-65E9-4077-94F7-4EABFDD11C2A}
	EndGlobalSection
EndGlobal
